<?xml version="1.0" encoding="utf-8"?>
<Project ToolsVersion="4.0" xmlns="http://schemas.microsoft.com/developer/msbuild/2003">
  <ItemGroup>
    <Filter Include="來源檔案">
      <UniqueIdentifier>{4FC737F1-C7A5-4376-A066-2A32D752A2FF}</UniqueIdentifier>
      <Extensions>cpp;c;cc;cxx;c++;cppm;ixx;def;odl;idl;hpj;bat;asm;asmx</Extensions>
    </Filter>
    <Filter Include="標頭檔">
      <UniqueIdentifier>{93995380-89BD-4b04-88EB-625FBE52EBFB}</UniqueIdentifier>
      <Extensions>h;hh;hpp;hxx;h++;hm;inl;inc;ipp;xsd</Extensions>
    </Filter>
    <Filter Include="資源檔">
      <UniqueIdentifier>{67DA6AB6-F800-4c08-8B7A-83BB121AAD01}</UniqueIdentifier>
      <Extensions>rc;ico;cur;bmp;dlg;rc2;rct;bin;rgs;gif;jpg;jpeg;jpe;resx;tiff;tif;png;wav;mfcribbon-ms</Extensions>
    </Filter>
    <Filter Include="來源檔案\states%28.c%29">
      <UniqueIdentifier>{574a778b-00ea-4e1f-8c06-b4b08222dd1b}</UniqueIdentifier>
    </Filter>
    <Filter Include="來源檔案\工具%28.c%29">
      <UniqueIdentifier>{1e966966-3458-4cda-bd0c-59db7a45e81d}</UniqueIdentifier>
    </Filter>
    <Filter Include="來源檔案\遊戲中物件%28.c%29">
      <UniqueIdentifier>{4ca54b21-b84f-411b-ad1c-72e271e8422b}</UniqueIdentifier>
    </Filter>
    <Filter Include="標頭檔\工具%28.h%29">
      <UniqueIdentifier>{e2900c6a-d34a-415b-81a4-5cc6e98404d6}</UniqueIdentifier>
    </Filter>
    <Filter Include="標頭檔\遊戲中物件%28.h%29">
      <UniqueIdentifier>{43cd722d-4b5a-46a4-9aa4-dc98547c9949}</UniqueIdentifier>
    </Filter>
  </ItemGroup>
  <ItemGroup>
    <ClCompile Include="game.c">
      <Filter>來源檔案</Filter>
    </ClCompile>
    <ClCompile Include="main.c">
      <Filter>來源檔案</Filter>
    </ClCompile>
    <ClCompile Include="state_main_menu.c">
      <Filter>來源檔案\states%28.c%29</Filter>
    </ClCompile>
    <ClCompile Include="state_option_menu.c">
      <Filter>來源檔案\states%28.c%29</Filter>
    </ClCompile>
    <ClCompile Include="state_playing.c">
      <Filter>來源檔案\states%28.c%29</Filter>
    </ClCompile>
    <ClCompile Include="state_win.c">
      <Filter>來源檔案\states%28.c%29</Filter>
    </ClCompile>
    <ClCompile Include="state_lose.c">
      <Filter>來源檔案\states%28.c%29</Filter>
    </ClCompile>
    <ClCompile Include="levelManager.c">
      <Filter>來源檔案\工具%28.c%29</Filter>
    </ClCompile>
    <ClCompile Include="stateController.c">
      <Filter>來源檔案\工具%28.c%29</Filter>
    </ClCompile>
    <ClCompile Include="assetManager.c">
      <Filter>來源檔案\工具%28.c%29</Filter>
    </ClCompile>
    <ClCompile Include="audioManager.c">
      <Filter>來源檔案\工具%28.c%29</Filter>
    </ClCompile>
    <ClCompile Include="CardManager.c">
      <Filter>來源檔案\工具%28.c%29</Filter>
    </ClCompile>
    <ClCompile Include="DoorCard.c">
      <Filter>來源檔案\遊戲中物件%28.c%29</Filter>
    </ClCompile>
    <ClCompile Include="EmptyCard.c">
      <Filter>來源檔案\遊戲中物件%28.c%29</Filter>
    </ClCompile>
    <ClCompile Include="EnemyCard.c">
      <Filter>來源檔案\遊戲中物件%28.c%29</Filter>
    </ClCompile>
    <ClCompile Include="ItemCard.c">
      <Filter>來源檔案\遊戲中物件%28.c%29</Filter>
    </ClCompile>
  </ItemGroup>
  <ItemGroup>
    <ClInclude Include="game.h">
      <Filter>標頭檔</Filter>
    </ClInclude>
    <ClInclude Include="assetManager.h">
      <Filter>標頭檔\工具%28.h%29</Filter>
    </ClInclude>
    <ClInclude Include="audioManager.h">
      <Filter>標頭檔\工具%28.h%29</Filter>
    </ClInclude>
    <ClInclude Include="CardManager.h">
      <Filter>標頭檔\工具%28.h%29</Filter>
    </ClInclude>
    <ClInclude Include="config.h">
      <Filter>標頭檔\工具%28.h%29</Filter>
    </ClInclude>
    <ClInclude Include="stateController.h">
      <Filter>標頭檔\工具%28.h%29</Filter>
    </ClInclude>
    <ClInclude Include="levelManager.h">
      <Filter>標頭檔\工具%28.h%29</Filter>
    </ClInclude>
    <ClInclude Include="DoorCard.h">
      <Filter>標頭檔\遊戲中物件%28.h%29</Filter>
    </ClInclude>
    <ClInclude Include="CardBase.h">
      <Filter>標頭檔\遊戲中物件%28.h%29</Filter>
    </ClInclude>
    <ClInclude Include="EmptyCard.h">
      <Filter>標頭檔\遊戲中物件%28.h%29</Filter>
    </ClInclude>
    <ClInclude Include="EnemyCard.h">
      <Filter>標頭檔\遊戲中物件%28.h%29</Filter>
    </ClInclude>
    <ClInclude Include="ItemCard.h">
      <Filter>標頭檔\遊戲中物件%28.h%29</Filter>
    </ClInclude>
  </ItemGroup>
</Project>